{
  "name": "MaoUI 文字向上滚动 多行滚动 多行滑动",
  "version": "1.2",
  "lockfileVersion": 1,
  "requires": true,
  "dependencies": {
    "crypto-js": {
      "version": "4.1.1",
      "resolved": "https://registry.npmjs.org/crypto-js/-/crypto-js-4.1.1.tgz",
      "integrity": "sha512-o2JlM7ydqd3Qk9CA0L4NL6mTzU2sdx96a+oOfPu8Mkl/PK51vSyoi8/rQ8NknZtk44vq15lmhAj9CIAGwgeWKw=="
    },
    "image-tools": {
      "version": "1.4.0",
      "resolved": "https://registry.npmjs.org/image-tools/-/image-tools-1.4.0.tgz",
      "integrity": "sha512-TKtvJ6iUwM0mfaD4keMnk1ENHFC470QEjBfA3IlvKdEOufzvWbjbaoNcoyYq6HlViF8+d5tOS1ooE6j7CHf1lQ=="
    },
    "moment": {
      "version": "2.29.4",
      "resolved": "https://registry.npmjs.org/moment/-/moment-2.29.4.tgz",
      "integrity": "sha512-5LC9SOxjSc2HF6vO2CyuTDNivEdoz2IvyJJGj6X8DJ0eFyfszE0QiEd+iXmBvUP3WHxSjFH/vIsA0EN00cgr8w=="
    },
    "recaptcha-v3": {
      "version": "1.10.0",
      "resolved": "https://registry.npmjs.org/recaptcha-v3/-/recaptcha-v3-1.10.0.tgz",
      "integrity": "sha512-aGTxYSk3FFNKnXeKDbLpgRDRyIHRZNBF5HyaXXAN1Aj4TSyyZvmoAn9CylvpqLV3pYpIQavwc+2rzhNFn5SsLQ=="
    },
    "vue-i18n": {
      "version": "8.21.1",
      "resolved": "https://registry.npmjs.org/vue-i18n/-/vue-i18n-8.21.1.tgz",
      "integrity": "sha512-KEakJLI7R6+UCmhJOMZ0K7C+Zf5FcMh7QDkBRaEq39V7d9JgSrTDBf/9HuHU3TaxQYXx4fUi5PTIPdwLXq+iow=="
    },
    "vue-recaptcha": {
      "version": "1.3.0",
      "resolved": "https://registry.npmjs.org/vue-recaptcha/-/vue-recaptcha-1.3.0.tgz",
      "integrity": "sha512-9Qf1niyHq4QbEUhsvdUkS8BoOyhYwpp8v+imUSj67ffDo9RQ6h8Ekq8EGnw/GKViXCwWalp7EEY/n/fOtU0FyA=="
    },
    "vue-recaptcha-v3": {
      "version": "2.0.1",
      "resolved": "https://registry.npmjs.org/vue-recaptcha-v3/-/vue-recaptcha-v3-2.0.1.tgz",
      "integrity": "sha512-isEDtOfHU4wWRrZZuxciAELtQmPOeEEdicPNa0f1AOyLPy3sCcBEcpFt+FOcO3RQv5unJ3Yn5NlsWtXv9rXqjg==",
      "requires": {
        "recaptcha-v3": "^1.8.0"
      }
    }
  }
}
